
Microsoft Visual Studio Solution File, Format Version 12.00
# Visual Studio 15
VisualStudioVersion = 15.0.27004.2002
MinimumVisualStudioVersion = 10.0.40219.1
Project("{FAE04EC0-301F-11D3-BF4B-00C04F79EFBC}") = "TrayIconBuster", "TrayIconBuster.csproj", "{3DDE2F22-3A7C-4703-BB8A-78D96AC2D50B}"
EndProject
Global
	GlobalSection(SolutionConfigurationPlatforms) = preSolution
		Debug|Any CPU = Debug|Any CPU
		Release|Any CPU = Release|Any CPU
	EndGlobalSection
	GlobalSection(ProjectConfigurationPlatforms) = postSolution
		{3DDE2F22-3A7C-4703-BB8A-78D96AC2D50B}.Debug|Any CPU.ActiveCfg = Debug|Any CPU
		{3DDE2F22-3A7C-4703-BB8A-78D96AC2D50B}.Debug|Any CPU.Build.0 = Debug|Any CPU
		{3DDE2F22-3A7C-4703-BB8A-78D96AC2D50B}.Release|Any CPU.ActiveCfg = Release|Any CPU
		{3DDE2F22-3A7C-4703-BB8A-78D96AC2D50B}.Release|Any CPU.Build.0 = Release|Any CPU
	EndGlobalSection
	GlobalSection(SolutionProperties) = preSolution
		HideSolutionNode = FALSE
	EndGlobalSection
	GlobalSection(ExtensibilityGlobals) = postSolution
		SolutionGuid = {8082046F-05C8-4B02-B5C2-051994A43FD7}
	EndGlobalSection
EndGlobal
